[root]
name = "cargo-registry"
version = "0.1.0"
dependencies = [
 "civet 0.1.0 (git+https://github.com/wycats/rust-civet)",
 "conduit-conditional-get 0.5.0 (git+https://github.com/conduit-rust/conduit-conditional-get)",
 "conduit-cookie 0.0.1 (git+https://github.com/conduit-rust/conduit-cookie)",
 "conduit-json-parser 0.5.0 (git+https://github.com/conduit-rust/conduit-json-parser)",
 "conduit-log-requests 0.5.0 (git+https://github.com/conduit-rust/conduit-log-requests)",
 "conduit-middleware 0.5.0 (git+https://github.com/conduit-rust/conduit-middleware)",
 "conduit-router 0.5.0 (git+https://github.com/conduit-rust/conduit-router)",
 "conduit-static 0.5.0 (git+https://github.com/conduit-rust/conduit-static)",
 "conduit-test 0.5.0 (git+https://github.com/conduit-rust/conduit-test)",
 "curl 0.0.1 (git+https://github.com/alexcrichton/curl-rust?ref=bundle)",
 "flate2 0.0.1 (git+https://github.com/alexcrichton/flate2-rs)",
 "git2 0.0.1 (git+https://github.com/alexcrichton/git2-rs)",
 "html 0.0.1",
 "migrate 0.1.0",
 "oauth2 0.0.1 (git+https://github.com/alexcrichton/oauth2-rs)",
 "openssl 0.0.0 (git+https://github.com/sfackler/rust-openssl)",
 "postgres 0.0.0 (git+https://github.com/sfackler/rust-postgres)",
 "r2d2_postgres 0.0.0 (git+https://github.com/sfackler/r2d2-postgres)",
 "s3 0.0.1",
 "semver 0.1.0 (git+https://github.com/rust-lang/semver)",
 "url 0.1.0 (git+https://github.com/servo/rust-url)",
]

[[package]]
name = "civet"
version = "0.1.0"
source = "git+https://github.com/wycats/rust-civet#35b2b5a948ec5709ab75f6f53cfd8474d5385004"
dependencies = [
 "conduit 0.5.0 (git+https://github.com/conduit-rust/conduit.git)",
 "semver 0.1.0 (git+https://github.com/rust-lang/semver)",
]

[[package]]
name = "conduit"
version = "0.5.0"
source = "git+https://github.com/conduit-rust/conduit.git#c2663117de903a748d8176504873f404ab95bf7f"
dependencies = [
 "semver 0.1.0 (git+https://github.com/rust-lang/semver)",
]

[[package]]
name = "conduit-conditional-get"
version = "0.5.0"
source = "git+https://github.com/conduit-rust/conduit-conditional-get#eaf310a34b0602d5913dc800e9b4fca1ee9898ba"
dependencies = [
 "conduit 0.5.0 (git+https://github.com/conduit-rust/conduit.git)",
 "conduit-middleware 0.5.0 (git+https://github.com/conduit-rust/conduit-middleware)",
]

[[package]]
name = "conduit-cookie"
version = "0.0.1"
source = "git+https://github.com/conduit-rust/conduit-cookie#9829b86f8b1e937a123225767242fb6059f1488a"
dependencies = [
 "conduit 0.5.0 (git+https://github.com/conduit-rust/conduit.git)",
 "conduit-middleware 0.5.0 (git+https://github.com/conduit-rust/conduit-middleware)",
 "cookie 0.0.1 (git+https://github.com/alexcrichton/cookie-rs.git)",
]

[[package]]
name = "conduit-json-parser"
version = "0.5.0"
source = "git+https://github.com/conduit-rust/conduit-json-parser#6ea9084e67c800f8925c5bf40da16095ca583e26"
dependencies = [
 "conduit 0.5.0 (git+https://github.com/conduit-rust/conduit.git)",
 "conduit-middleware 0.5.0 (git+https://github.com/conduit-rust/conduit-middleware)",
 "conduit-utils 0.5.0 (git+https://github.com/conduit-rust/conduit-utils.git)",
 "semver 0.1.0 (git+https://github.com/rust-lang/semver)",
]

[[package]]
name = "conduit-log-requests"
version = "0.5.0"
source = "git+https://github.com/conduit-rust/conduit-log-requests#c932245b8299c67ad9735542bf2675a85b2d2f05"
dependencies = [
 "conduit 0.5.0 (git+https://github.com/conduit-rust/conduit.git)",
 "conduit-middleware 0.5.0 (git+https://github.com/conduit-rust/conduit-middleware)",
]

[[package]]
name = "conduit-middleware"
version = "0.5.0"
source = "git+https://github.com/conduit-rust/conduit-middleware#27bf1e18a81259dad3198bbc5f16bea9b82a5958"
dependencies = [
 "conduit 0.5.0 (git+https://github.com/conduit-rust/conduit.git)",
]

[[package]]
name = "conduit-router"
version = "0.5.0"
source = "git+https://github.com/conduit-rust/conduit-router#afa647e5c696a802a07826d4ca4483917b765667"
dependencies = [
 "conduit 0.5.0 (git+https://github.com/conduit-rust/conduit.git)",
 "route-recognizer 0.1.0 (git+https://github.com/conduit-rust/route-recognizer.rs.git)",
]

[[package]]
name = "conduit-static"
version = "0.5.0"
source = "git+https://github.com/conduit-rust/conduit-static#10133e763dc20809dc1a93375e592fdcf38ef4db"
dependencies = [
 "conduit 0.5.0 (git+https://github.com/conduit-rust/conduit.git)",
 "mime-types 0.5.0 (git+https://github.com/conduit-rust/mime-types.git)",
]

[[package]]
name = "conduit-test"
version = "0.5.0"
source = "git+https://github.com/conduit-rust/conduit-test#5c574ae38fbdc36e6b415488f4ad94d3d5add18c"
dependencies = [
 "conduit 0.5.0 (git+https://github.com/conduit-rust/conduit.git)",
 "semver 0.1.0 (git+https://github.com/rust-lang/semver)",
]

[[package]]
name = "conduit-utils"
version = "0.5.0"
source = "git+https://github.com/conduit-rust/conduit-utils.git#c04bb49a3e5765f0ce0a5c5edc45b27537094acf"
dependencies = [
 "conduit 0.5.0 (git+https://github.com/conduit-rust/conduit.git)",
 "semver 0.1.0 (git+https://github.com/rust-lang/semver)",
]

[[package]]
name = "cookie"
version = "0.0.1"
source = "git+https://github.com/alexcrichton/cookie-rs.git#89a026643e2dcf1af8155be88714af5ad8ee517b"
dependencies = [
 "openssl 0.0.0 (git+https://github.com/sfackler/rust-openssl)",
 "url 0.1.0 (git+https://github.com/servo/rust-url)",
]

[[package]]
name = "curl"
version = "0.0.1"
source = "git+https://github.com/alexcrichton/curl-rust?ref=bundle#28d4a3d0dde0cde6b6f46fc928656cb251832888"
dependencies = [
 "curl-sys 0.0.1 (git+https://github.com/alexcrichton/curl-rust?ref=bundle)",
 "link-config 0.0.1 (git+https://github.com/alexcrichton/link-config)",
 "openssl-static-sys 0.0.1 (git+https://github.com/alexcrichton/openssl-static-sys)",
 "url 0.1.0 (git+https://github.com/servo/rust-url)",
]

[[package]]
name = "curl-sys"
version = "0.0.1"
source = "git+https://github.com/alexcrichton/curl-rust?ref=bundle#28d4a3d0dde0cde6b6f46fc928656cb251832888"

[[package]]
name = "encoding"
version = "0.1.0"
source = "git+https://github.com/lifthrasiir/rust-encoding#6daaad9f4c0fcde4525821032686090d6426c462"

[[package]]
name = "flate2"
version = "0.0.1"
source = "git+https://github.com/alexcrichton/flate2-rs#67be37548937c059370ce272efe1142fbf198d67"

[[package]]
name = "git2"
version = "0.0.1"
source = "git+https://github.com/alexcrichton/git2-rs#35a0632e92d63de8218675a17cd81e15d0de44b4"
dependencies = [
 "libgit2 0.0.1 (git+https://github.com/alexcrichton/git2-rs)",
 "url 0.1.0 (git+https://github.com/servo/rust-url)",
]

[[package]]
name = "html"
version = "0.0.1"
dependencies = [
 "url 0.1.0 (git+https://github.com/servo/rust-url)",
]

[[package]]
name = "libgit2"
version = "0.0.1"
source = "git+https://github.com/alexcrichton/git2-rs#35a0632e92d63de8218675a17cd81e15d0de44b4"
dependencies = [
 "libssh2-static-sys 0.0.1 (git+https://github.com/alexcrichton/libssh2-static-sys)",
 "link-config 0.0.1 (git+https://github.com/alexcrichton/link-config)",
 "openssl-static-sys 0.0.1 (git+https://github.com/alexcrichton/openssl-static-sys)",
]

[[package]]
name = "libssh2-static-sys"
version = "0.0.1"
source = "git+https://github.com/alexcrichton/libssh2-static-sys#80e71a3021618eb05656c58fb7c5ef5f12bc747f"

[[package]]
name = "link-config"
version = "0.0.1"
source = "git+https://github.com/alexcrichton/link-config#7c56ef12c8a49bedb0357e2a50af9ba79bf0ae1b"

[[package]]
name = "migrate"
version = "0.1.0"
dependencies = [
 "postgres 0.0.0 (git+https://github.com/sfackler/rust-postgres)",
]

[[package]]
name = "mime-types"
version = "0.5.0"
source = "git+https://github.com/conduit-rust/mime-types.git#81c8911c5caab8ff47fa04b3f130275ed88e4015"

[[package]]
name = "oauth2"
version = "0.0.1"
source = "git+https://github.com/alexcrichton/oauth2-rs#7156ed03bbed587267ee445995b1930049d1f74d"
dependencies = [
 "curl 0.0.1 (git+https://github.com/alexcrichton/curl-rust?ref=bundle)",
 "url 0.1.0 (git+https://github.com/servo/rust-url)",
]

[[package]]
name = "openssl"
version = "0.0.0"
source = "git+https://github.com/sfackler/rust-openssl#66df9154a6fcc468f91b326a3c2b8e8850d75b19"

[[package]]
name = "openssl-static-sys"
version = "0.0.1"
source = "git+https://github.com/alexcrichton/openssl-static-sys#2e1c50a7f35ef52ce38dbd405a175b6dccc0ebad"

[[package]]
name = "phf"
version = "0.0.0"
source = "git+https://github.com/sfackler/rust-phf#f585e4c88f1cd327e0b409c60deb51cd3f3d6b15"
dependencies = [
 "xxhash 0.0.1 (git+https://github.com/Jurily/rust-xxhash)",
]

[[package]]
name = "phf_mac"
version = "0.0.0"
source = "git+https://github.com/sfackler/rust-phf#f585e4c88f1cd327e0b409c60deb51cd3f3d6b15"
dependencies = [
 "xxhash 0.0.1 (git+https://github.com/Jurily/rust-xxhash)",
]

[[package]]
name = "postgres"
version = "0.0.0"
source = "git+https://github.com/sfackler/rust-postgres#4fbd92e6de2f3ffa9af36a3d4838bb63a4d76443"
dependencies = [
 "openssl 0.0.0 (git+https://github.com/sfackler/rust-openssl)",
 "phf 0.0.0 (git+https://github.com/sfackler/rust-phf)",
 "phf_mac 0.0.0 (git+https://github.com/sfackler/rust-phf)",
]

[[package]]
name = "r2d2"
version = "0.0.0"
source = "git+https://github.com/sfackler/r2d2#1d83917b729341c8a0af5e4345c4f0cca28b4511"

[[package]]
name = "r2d2_postgres"
version = "0.0.0"
source = "git+https://github.com/sfackler/r2d2-postgres#c20caa156bf28e97c0360884a5f7f9ad3450f3c7"
dependencies = [
 "postgres 0.0.0 (git+https://github.com/sfackler/rust-postgres)",
 "r2d2 0.0.0 (git+https://github.com/sfackler/r2d2)",
]

[[package]]
name = "route-recognizer"
version = "0.1.0"
source = "git+https://github.com/conduit-rust/route-recognizer.rs.git#217988b4b6182e678333d9d876b51985ae290535"

[[package]]
name = "s3"
version = "0.0.1"
dependencies = [
 "curl 0.0.1 (git+https://github.com/alexcrichton/curl-rust?ref=bundle)",
 "openssl 0.0.0 (git+https://github.com/sfackler/rust-openssl)",
]

[[package]]
name = "semver"
version = "0.1.0"
source = "git+https://github.com/rust-lang/semver#7dca047a9cd40e929a4545b37a1917daff82f156"

[[package]]
name = "url"
version = "0.1.0"
source = "git+https://github.com/servo/rust-url#9142b86a812ac5bc886f76235585557d8e002246"
dependencies = [
 "encoding 0.1.0 (git+https://github.com/lifthrasiir/rust-encoding)",
]

[[package]]
name = "xxhash"
version = "0.0.1"
source = "git+https://github.com/Jurily/rust-xxhash#7e4174e780af0cfb29a5e53ede0b987adca16396"

