[root]
name = "cargo-registry"
version = "0.1.0"
dependencies = [
 "civet 0.1.0 (git+https://github.com/wycats/rust-civet)",
 "conduit-conditional-get 0.5.0 (git+https://github.com/conduit-rust/conduit-conditional-get)",
 "conduit-cookie 0.0.1 (git+https://github.com/conduit-rust/conduit-cookie)",
 "conduit-json-parser 0.5.0 (git+https://github.com/conduit-rust/conduit-json-parser)",
 "conduit-log-requests 0.5.0 (git+https://github.com/conduit-rust/conduit-log-requests)",
 "conduit-middleware 0.5.0 (git+https://github.com/conduit-rust/conduit-middleware)",
 "conduit-router 0.5.0 (git+https://github.com/conduit-rust/conduit-router)",
 "conduit-static 0.5.0 (git+https://github.com/conduit-rust/conduit-static)",
 "conduit-test 0.5.0 (git+https://github.com/conduit-rust/conduit-test)",
 "curl 0.1.0 (git+https://github.com/carllerche/curl-rust)",
 "flate2 0.0.3 (git+https://github.com/alexcrichton/flate2-rs)",
 "git2 0.0.1 (git+https://github.com/alexcrichton/git2-rs)",
 "html 0.0.1",
 "migrate 0.1.0",
 "oauth2 0.0.1 (git+https://github.com/alexcrichton/oauth2-rs)",
 "openssl 0.0.1 (git+https://github.com/sfackler/rust-openssl)",
 "postgres 0.0.0 (git+https://github.com/sfackler/rust-postgres)",
 "r2d2_postgres 0.0.0 (git+https://github.com/sfackler/r2d2-postgres)",
 "s3 0.0.1",
 "semver 0.1.1 (git+https://github.com/rust-lang/semver)",
 "time 0.0.2 (git+https://github.com/rust-lang/time)",
 "url 0.1.0 (git+https://github.com/servo/rust-url)",
]

[[package]]
name = "civet"
version = "0.1.0"
source = "git+https://github.com/wycats/rust-civet#51627308b1b1eeda454402f9fc019db9af675c77"
dependencies = [
 "civet-sys 0.0.1 (git+https://github.com/wycats/rust-civet)",
 "conduit 0.5.0 (git+https://github.com/conduit-rust/conduit.git)",
 "semver 0.1.1 (git+https://github.com/rust-lang/semver)",
]

[[package]]
name = "civet-sys"
version = "0.0.1"
source = "git+https://github.com/wycats/rust-civet#51627308b1b1eeda454402f9fc019db9af675c77"

[[package]]
name = "conduit"
version = "0.5.0"
source = "git+https://github.com/conduit-rust/conduit.git#53307ac937a0bb5dfb7d8f9d1bbb4c515ba2b99a"
dependencies = [
 "semver 0.1.1 (git+https://github.com/rust-lang/semver)",
]

[[package]]
name = "conduit-conditional-get"
version = "0.5.0"
source = "git+https://github.com/conduit-rust/conduit-conditional-get#74957eeac34afa7ee732acdd7344fb17377de165"
dependencies = [
 "conduit 0.5.0 (git+https://github.com/conduit-rust/conduit.git)",
 "conduit-middleware 0.5.0 (git+https://github.com/conduit-rust/conduit-middleware)",
 "time 0.0.2 (git+https://github.com/rust-lang/time)",
]

[[package]]
name = "conduit-cookie"
version = "0.0.1"
source = "git+https://github.com/conduit-rust/conduit-cookie#d414bb5e7155398297156ba170e077e16b24ff6e"
dependencies = [
 "conduit 0.5.0 (git+https://github.com/conduit-rust/conduit.git)",
 "conduit-middleware 0.5.0 (git+https://github.com/conduit-rust/conduit-middleware)",
 "cookie 0.0.1 (git+https://github.com/alexcrichton/cookie-rs.git)",
]

[[package]]
name = "conduit-json-parser"
version = "0.5.0"
source = "git+https://github.com/conduit-rust/conduit-json-parser#6ea9084e67c800f8925c5bf40da16095ca583e26"
dependencies = [
 "conduit 0.5.0 (git+https://github.com/conduit-rust/conduit.git)",
 "conduit-middleware 0.5.0 (git+https://github.com/conduit-rust/conduit-middleware)",
 "conduit-utils 0.5.0 (git+https://github.com/conduit-rust/conduit-utils.git)",
 "semver 0.1.1 (git+https://github.com/rust-lang/semver)",
]

[[package]]
name = "conduit-log-requests"
version = "0.5.0"
source = "git+https://github.com/conduit-rust/conduit-log-requests#3b4258618d6a75e742d0cc70ed1b9170e9ff0a65"
dependencies = [
 "conduit 0.5.0 (git+https://github.com/conduit-rust/conduit.git)",
 "conduit-middleware 0.5.0 (git+https://github.com/conduit-rust/conduit-middleware)",
 "time 0.0.2 (git+https://github.com/rust-lang/time)",
]

[[package]]
name = "conduit-middleware"
version = "0.5.0"
source = "git+https://github.com/conduit-rust/conduit-middleware#27bf1e18a81259dad3198bbc5f16bea9b82a5958"
dependencies = [
 "conduit 0.5.0 (git+https://github.com/conduit-rust/conduit.git)",
]

[[package]]
name = "conduit-router"
version = "0.5.0"
source = "git+https://github.com/conduit-rust/conduit-router#41201e6d4d51231361bf57ae2bfca11504458d32"
dependencies = [
 "conduit 0.5.0 (git+https://github.com/conduit-rust/conduit.git)",
 "route-recognizer 0.1.0 (git+https://github.com/conduit-rust/route-recognizer.rs.git)",
]

[[package]]
name = "conduit-static"
version = "0.5.0"
source = "git+https://github.com/conduit-rust/conduit-static#f864784f530df61eadba5492b70e8ba01dbab69a"
dependencies = [
 "conduit 0.5.0 (git+https://github.com/conduit-rust/conduit.git)",
 "mime-types 0.5.0 (git+https://github.com/conduit-rust/mime-types.git)",
 "time 0.0.2 (git+https://github.com/rust-lang/time)",
]

[[package]]
name = "conduit-test"
version = "0.5.0"
source = "git+https://github.com/conduit-rust/conduit-test#5c574ae38fbdc36e6b415488f4ad94d3d5add18c"
dependencies = [
 "conduit 0.5.0 (git+https://github.com/conduit-rust/conduit.git)",
 "semver 0.1.1 (git+https://github.com/rust-lang/semver)",
]

[[package]]
name = "conduit-utils"
version = "0.5.0"
source = "git+https://github.com/conduit-rust/conduit-utils.git#dd9020e7bbc3dd7aca7c6d94c5057350ccc7ed88"
dependencies = [
 "conduit 0.5.0 (git+https://github.com/conduit-rust/conduit.git)",
 "semver 0.1.1 (git+https://github.com/rust-lang/semver)",
]

[[package]]
name = "cookie"
version = "0.0.1"
source = "git+https://github.com/alexcrichton/cookie-rs.git#c7e1464489ec0cf338196fb4e2a8e7aa74aa672c"
dependencies = [
 "openssl 0.0.1 (git+https://github.com/sfackler/rust-openssl)",
 "time 0.0.2 (git+https://github.com/rust-lang/time)",
 "url 0.1.0 (git+https://github.com/servo/rust-url)",
]

[[package]]
name = "curl"
version = "0.1.0"
source = "git+https://github.com/carllerche/curl-rust#c5dc613286e33ea89c9b0acc22a53398a9aa6cd9"
dependencies = [
 "curl-sys 0.1.0 (git+https://github.com/carllerche/curl-rust)",
 "url 0.1.0 (git+https://github.com/servo/rust-url)",
]

[[package]]
name = "curl-sys"
version = "0.1.0"
source = "git+https://github.com/carllerche/curl-rust#c5dc613286e33ea89c9b0acc22a53398a9aa6cd9"
dependencies = [
 "libz-sys 0.0.1 (git+https://github.com/alexcrichton/libz-sys)",
 "openssl-sys 0.0.1 (git+https://github.com/sfackler/rust-openssl)",
 "pkg-config 0.0.1 (git+https://github.com/alexcrichton/pkg-config-rs)",
]

[[package]]
name = "encoding"
version = "0.2.1"
source = "git+https://github.com/lifthrasiir/rust-encoding#6a5a95950572590485cbbf64509036b252339205"
dependencies = [
 "encoding-index-japanese 1.0.20140915 (git+https://github.com/lifthrasiir/rust-encoding)",
 "encoding-index-korean 1.0.20140915 (git+https://github.com/lifthrasiir/rust-encoding)",
 "encoding-index-simpchinese 1.0.20140915 (git+https://github.com/lifthrasiir/rust-encoding)",
 "encoding-index-singlebyte 1.0.20140915 (git+https://github.com/lifthrasiir/rust-encoding)",
 "encoding-index-tradchinese 1.0.20140915 (git+https://github.com/lifthrasiir/rust-encoding)",
]

[[package]]
name = "encoding-index-japanese"
version = "1.0.20140915"
source = "git+https://github.com/lifthrasiir/rust-encoding#6a5a95950572590485cbbf64509036b252339205"
dependencies = [
 "encoding_index_tests 0.1.0 (git+https://github.com/lifthrasiir/rust-encoding)",
]

[[package]]
name = "encoding-index-korean"
version = "1.0.20140915"
source = "git+https://github.com/lifthrasiir/rust-encoding#6a5a95950572590485cbbf64509036b252339205"
dependencies = [
 "encoding_index_tests 0.1.0 (git+https://github.com/lifthrasiir/rust-encoding)",
]

[[package]]
name = "encoding-index-simpchinese"
version = "1.0.20140915"
source = "git+https://github.com/lifthrasiir/rust-encoding#6a5a95950572590485cbbf64509036b252339205"
dependencies = [
 "encoding_index_tests 0.1.0 (git+https://github.com/lifthrasiir/rust-encoding)",
]

[[package]]
name = "encoding-index-singlebyte"
version = "1.0.20140915"
source = "git+https://github.com/lifthrasiir/rust-encoding#6a5a95950572590485cbbf64509036b252339205"
dependencies = [
 "encoding_index_tests 0.1.0 (git+https://github.com/lifthrasiir/rust-encoding)",
]

[[package]]
name = "encoding-index-tradchinese"
version = "1.0.20140915"
source = "git+https://github.com/lifthrasiir/rust-encoding#6a5a95950572590485cbbf64509036b252339205"
dependencies = [
 "encoding_index_tests 0.1.0 (git+https://github.com/lifthrasiir/rust-encoding)",
]

[[package]]
name = "encoding_index_tests"
version = "0.1.0"
source = "git+https://github.com/lifthrasiir/rust-encoding#6a5a95950572590485cbbf64509036b252339205"

[[package]]
name = "flate2"
version = "0.0.3"
source = "git+https://github.com/alexcrichton/flate2-rs#044e4dc2a766bc32fd5ae76bbe958be6e85be481"
dependencies = [
 "miniz-sys 0.0.2 (git+https://github.com/alexcrichton/flate2-rs)",
]

[[package]]
name = "gcc"
version = "0.0.1"
source = "git+https://github.com/alexcrichton/gcc-rs#f25b3ba9c40303781189cc137fb98fffe5b56de7"

[[package]]
name = "git2"
version = "0.0.1"
source = "git+https://github.com/alexcrichton/git2-rs#c601ad025c137ef53a71738c0545eaf0b91bc6d4"
dependencies = [
 "libgit2-sys 0.0.1 (git+https://github.com/alexcrichton/git2-rs)",
 "time 0.0.2 (git+https://github.com/rust-lang/time)",
 "url 0.1.0 (git+https://github.com/servo/rust-url)",
]

[[package]]
name = "html"
version = "0.0.1"
dependencies = [
 "url 0.1.0 (git+https://github.com/servo/rust-url)",
]

[[package]]
name = "libgit2-sys"
version = "0.0.1"
source = "git+https://github.com/alexcrichton/git2-rs#c601ad025c137ef53a71738c0545eaf0b91bc6d4"
dependencies = [
 "libssh2-sys 0.0.1 (git+https://github.com/alexcrichton/ssh2-rs)",
 "openssl-sys 0.0.1 (git+https://github.com/sfackler/rust-openssl)",
 "pkg-config 0.0.1 (git+https://github.com/alexcrichton/pkg-config-rs)",
]

[[package]]
name = "libressl-pnacl-sys"
version = "2.0.0"
source = "git+https://github.com/DiamondLovesYou/libressl-pnacl-sys.git#24b6800971587e8881215d9398b180c0a79739dc"
dependencies = [
 "pnacl-build-helper 0.0.1 (git+https://github.com/DiamondLovesYou/cargo-pnacl-helper.git)",
]

[[package]]
name = "libssh2-sys"
version = "0.0.1"
source = "git+https://github.com/alexcrichton/ssh2-rs#922531da4c22abe7a216672314315d41769d7fb1"
dependencies = [
 "libz-sys 0.0.1 (git+https://github.com/alexcrichton/libz-sys)",
 "openssl-sys 0.0.1 (git+https://github.com/sfackler/rust-openssl)",
 "pkg-config 0.0.1 (git+https://github.com/alexcrichton/pkg-config-rs)",
]

[[package]]
name = "libz-sys"
version = "0.0.1"
source = "git+https://github.com/alexcrichton/libz-sys#37926b786b09e013e5fd64cc278b3df1b49c4fbe"
dependencies = [
 "pkg-config 0.0.1 (git+https://github.com/alexcrichton/pkg-config-rs)",
]

[[package]]
name = "migrate"
version = "0.1.0"
dependencies = [
 "postgres 0.0.0 (git+https://github.com/sfackler/rust-postgres)",
]

[[package]]
name = "mime-types"
version = "0.5.0"
source = "git+https://github.com/conduit-rust/mime-types.git#81c8911c5caab8ff47fa04b3f130275ed88e4015"

[[package]]
name = "miniz-sys"
version = "0.0.2"
source = "git+https://github.com/alexcrichton/flate2-rs#044e4dc2a766bc32fd5ae76bbe958be6e85be481"
dependencies = [
 "gcc 0.0.1 (git+https://github.com/alexcrichton/gcc-rs)",
]

[[package]]
name = "oauth2"
version = "0.0.1"
source = "git+https://github.com/alexcrichton/oauth2-rs#83eb4fa2a8381a31ad385eee90f7b652f5288b07"
dependencies = [
 "curl 0.1.0 (git+https://github.com/carllerche/curl-rust)",
 "url 0.1.0 (git+https://github.com/servo/rust-url)",
]

[[package]]
name = "openssl"
version = "0.0.1"
source = "git+https://github.com/sfackler/rust-openssl#af5533d936558a77c2de8c5d2d572bb1f89dfada"
dependencies = [
 "libressl-pnacl-sys 2.0.0 (git+https://github.com/DiamondLovesYou/libressl-pnacl-sys.git)",
 "openssl-sys 0.0.1 (git+https://github.com/sfackler/rust-openssl)",
]

[[package]]
name = "openssl-sys"
version = "0.0.1"
source = "git+https://github.com/sfackler/rust-openssl#af5533d936558a77c2de8c5d2d572bb1f89dfada"
dependencies = [
 "pkg-config 0.0.1 (git+https://github.com/alexcrichton/pkg-config-rs)",
]

[[package]]
name = "phf"
version = "0.0.0"
source = "git+https://github.com/sfackler/rust-phf#aa3e2d0aedea4d55c2e4cea1bdf6e89418dc1206"
dependencies = [
 "xxhash 0.0.1 (git+https://github.com/Jurily/rust-xxhash)",
]

[[package]]
name = "phf_mac"
version = "0.0.0"
source = "git+https://github.com/sfackler/rust-phf#aa3e2d0aedea4d55c2e4cea1bdf6e89418dc1206"
dependencies = [
 "time 0.0.2 (git+https://github.com/rust-lang/time)",
 "xxhash 0.0.1 (git+https://github.com/Jurily/rust-xxhash)",
]

[[package]]
name = "pkg-config"
version = "0.0.1"
source = "git+https://github.com/alexcrichton/pkg-config-rs#d24a08d87d63df8dc9526c503944415b86719220"

[[package]]
name = "pnacl-build-helper"
version = "0.0.1"
source = "git+https://github.com/DiamondLovesYou/cargo-pnacl-helper.git#5402d48d242d11bdd61f801655fca364155c4511"

[[package]]
name = "postgres"
version = "0.0.0"
source = "git+https://github.com/sfackler/rust-postgres#3a0f1897277d0e1f5568e733854649f1e7fd018d"
dependencies = [
 "openssl 0.0.1 (git+https://github.com/sfackler/rust-openssl)",
 "phf 0.0.0 (git+https://github.com/sfackler/rust-phf)",
 "phf_mac 0.0.0 (git+https://github.com/sfackler/rust-phf)",
 "time 0.0.2 (git+https://github.com/rust-lang/time)",
 "uuid 0.0.2 (git+https://github.com/rust-lang/uuid)",
]

[[package]]
name = "r2d2"
version = "0.0.0"
source = "git+https://github.com/sfackler/r2d2#8337055e2a5a2db9151ab62ea6d2e7e401d1c0d5"

[[package]]
name = "r2d2_postgres"
version = "0.0.0"
source = "git+https://github.com/sfackler/r2d2-postgres#b624982db9068932f39b3a618ade1ea3dcc7d5ca"
dependencies = [
 "postgres 0.0.0 (git+https://github.com/sfackler/rust-postgres)",
 "r2d2 0.0.0 (git+https://github.com/sfackler/r2d2)",
]

[[package]]
name = "route-recognizer"
version = "0.1.0"
source = "git+https://github.com/conduit-rust/route-recognizer.rs.git#fd07a7fb3d257c4114321fb25948264223c61a1b"

[[package]]
name = "s3"
version = "0.0.1"
dependencies = [
 "curl 0.1.0 (git+https://github.com/carllerche/curl-rust)",
 "openssl 0.0.1 (git+https://github.com/sfackler/rust-openssl)",
 "time 0.0.2 (git+https://github.com/rust-lang/time)",
]

[[package]]
name = "semver"
version = "0.1.1"
source = "git+https://github.com/rust-lang/semver#0e53c5ff90c240b93b896bfa19476e601b93c069"

[[package]]
name = "time"
version = "0.0.2"
source = "git+https://github.com/rust-lang/time#b58210c93a44d7b83a1a9b68b462f5a7fa1942f3"
dependencies = [
 "gcc 0.0.1 (git+https://github.com/alexcrichton/gcc-rs)",
]

[[package]]
name = "url"
version = "0.1.0"
source = "git+https://github.com/servo/rust-url#f5fdbe5741ff75d87ef05b468097432c012c3e6e"
dependencies = [
 "encoding 0.2.1 (git+https://github.com/lifthrasiir/rust-encoding)",
]

[[package]]
name = "uuid"
version = "0.0.2"
source = "git+https://github.com/rust-lang/uuid#410aa2f519a66431214282c1d74d9f95316fb0ff"

[[package]]
name = "xxhash"
version = "0.0.1"
source = "git+https://github.com/Jurily/rust-xxhash#6027ce91f9164f2f936149547f789103b1b671e6"

