[root]
name = "cargo-registry"
version = "0.1.0"
dependencies = [
 "civet 0.1.0 (git+https://github.com/wycats/rust-civet)",
 "conduit-conditional-get 0.5.0 (git+https://github.com/conduit-rust/conduit-conditional-get)",
 "conduit-cookie 0.0.1 (git+https://github.com/conduit-rust/conduit-cookie)",
 "conduit-json-parser 0.5.0 (git+https://github.com/conduit-rust/conduit-json-parser)",
 "conduit-log-requests 0.5.0 (git+https://github.com/conduit-rust/conduit-log-requests)",
 "conduit-middleware 0.5.0 (git+https://github.com/conduit-rust/conduit-middleware)",
 "conduit-router 0.5.0 (git+https://github.com/conduit-rust/conduit-router)",
 "conduit-static 0.5.0 (git+https://github.com/conduit-rust/conduit-static)",
 "conduit-test 0.5.0 (git+https://github.com/conduit-rust/conduit-test)",
 "curl 0.1.0 (git+https://github.com/carllerche/curl-rust)",
 "flate2 0.1.0 (git+https://github.com/alexcrichton/flate2-rs)",
 "git2 0.0.1 (git+https://github.com/alexcrichton/git2-rs)",
 "html 0.0.1",
 "migrate 0.1.0",
 "oauth2 0.0.1 (git+https://github.com/alexcrichton/oauth2-rs)",
 "openssl 0.2.3 (git+https://github.com/sfackler/rust-openssl)",
 "postgres 0.2.0 (git+https://github.com/alexcrichton/rust-postgres?ref=git-deps)",
 "r2d2_postgres 0.1.0 (git+https://github.com/alexcrichton/r2d2-postgres?ref=git-deps)",
 "s3 0.0.1",
 "semver 0.1.3 (git+https://github.com/rust-lang/semver)",
 "time 0.1.1 (git+https://github.com/rust-lang/time)",
 "url 0.2.3 (git+https://github.com/servo/rust-url)",
]

[[package]]
name = "civet"
version = "0.1.0"
source = "git+https://github.com/wycats/rust-civet#0813e466323be493b3cf19771d527ac638172ad2"
dependencies = [
 "civet-sys 0.0.1 (git+https://github.com/wycats/rust-civet)",
 "conduit 0.5.0 (git+https://github.com/conduit-rust/conduit.git)",
 "semver 0.1.3 (git+https://github.com/rust-lang/semver)",
]

[[package]]
name = "civet-sys"
version = "0.0.1"
source = "git+https://github.com/wycats/rust-civet#0813e466323be493b3cf19771d527ac638172ad2"

[[package]]
name = "conduit"
version = "0.5.0"
source = "git+https://github.com/conduit-rust/conduit.git#e4b3925ec4c199b1df086d6cc7bf4b2bf9cd4414"
dependencies = [
 "semver 0.1.3 (git+https://github.com/rust-lang/semver)",
]

[[package]]
name = "conduit-conditional-get"
version = "0.5.0"
source = "git+https://github.com/conduit-rust/conduit-conditional-get#3bd9e8d0d761458728251c95c6f0bd968d9c768a"
dependencies = [
 "conduit 0.5.0 (git+https://github.com/conduit-rust/conduit.git)",
 "conduit-middleware 0.5.0 (git+https://github.com/conduit-rust/conduit-middleware)",
 "time 0.1.1 (git+https://github.com/rust-lang/time)",
]

[[package]]
name = "conduit-cookie"
version = "0.0.1"
source = "git+https://github.com/conduit-rust/conduit-cookie#ca5b9c76c63c0f75c46b98b794afe7bbf72684fe"
dependencies = [
 "conduit 0.5.0 (git+https://github.com/conduit-rust/conduit.git)",
 "conduit-middleware 0.5.0 (git+https://github.com/conduit-rust/conduit-middleware)",
 "cookie 0.1.0 (git+https://github.com/alexcrichton/cookie-rs.git)",
]

[[package]]
name = "conduit-json-parser"
version = "0.5.0"
source = "git+https://github.com/conduit-rust/conduit-json-parser#86edeaa647ac3e4c2bfc82851675a4cbc72d10f3"
dependencies = [
 "conduit 0.5.0 (git+https://github.com/conduit-rust/conduit.git)",
 "conduit-middleware 0.5.0 (git+https://github.com/conduit-rust/conduit-middleware)",
 "conduit-utils 0.5.0 (git+https://github.com/conduit-rust/conduit-utils.git)",
 "semver 0.1.3 (git+https://github.com/rust-lang/semver)",
]

[[package]]
name = "conduit-log-requests"
version = "0.5.0"
source = "git+https://github.com/conduit-rust/conduit-log-requests#463a0221754f714bc1b22c2be86bd63d3296d8ce"
dependencies = [
 "conduit 0.5.0 (git+https://github.com/conduit-rust/conduit.git)",
 "conduit-middleware 0.5.0 (git+https://github.com/conduit-rust/conduit-middleware)",
 "time 0.1.1 (git+https://github.com/rust-lang/time)",
]

[[package]]
name = "conduit-middleware"
version = "0.5.0"
source = "git+https://github.com/conduit-rust/conduit-middleware#3f72fa874633c8a11ad501e48cdce1be89a1c02e"
dependencies = [
 "conduit 0.5.0 (git+https://github.com/conduit-rust/conduit.git)",
]

[[package]]
name = "conduit-router"
version = "0.5.0"
source = "git+https://github.com/conduit-rust/conduit-router#3b45d77e3489a56da8f681248586be4ab275265b"
dependencies = [
 "conduit 0.5.0 (git+https://github.com/conduit-rust/conduit.git)",
 "route-recognizer 0.1.1 (git+https://github.com/conduit-rust/route-recognizer.rs.git)",
]

[[package]]
name = "conduit-static"
version = "0.5.0"
source = "git+https://github.com/conduit-rust/conduit-static#7baaf8a7fb3726900d343de4dbc733ebdfcc80cc"
dependencies = [
 "conduit 0.5.0 (git+https://github.com/conduit-rust/conduit.git)",
 "mime-types 0.5.0 (git+https://github.com/conduit-rust/mime-types.git)",
 "time 0.1.1 (git+https://github.com/rust-lang/time)",
]

[[package]]
name = "conduit-test"
version = "0.5.0"
source = "git+https://github.com/conduit-rust/conduit-test#8992bbf36de96b71126ee2789273f61433a9eb0e"
dependencies = [
 "conduit 0.5.0 (git+https://github.com/conduit-rust/conduit.git)",
 "semver 0.1.3 (git+https://github.com/rust-lang/semver)",
]

[[package]]
name = "conduit-utils"
version = "0.5.0"
source = "git+https://github.com/conduit-rust/conduit-utils.git#6c047e1f4859bf49fb4913cf5a01300cee0b13d9"
dependencies = [
 "conduit 0.5.0 (git+https://github.com/conduit-rust/conduit.git)",
 "semver 0.1.3 (git+https://github.com/rust-lang/semver)",
]

[[package]]
name = "cookie"
version = "0.1.0"
source = "git+https://github.com/alexcrichton/cookie-rs.git#272ac27b824c008eddd4842239269cb591f93db5"
dependencies = [
 "openssl 0.2.3 (git+https://github.com/sfackler/rust-openssl)",
 "time 0.1.1 (git+https://github.com/rust-lang/time)",
 "url 0.2.3 (git+https://github.com/servo/rust-url)",
]

[[package]]
name = "curl"
version = "0.1.0"
source = "git+https://github.com/carllerche/curl-rust#99eda61d5a6a0b34c1b9e65e70d3d51fbe404222"
dependencies = [
 "curl-sys 0.1.0 (git+https://github.com/carllerche/curl-rust)",
 "url 0.2.3 (git+https://github.com/servo/rust-url)",
]

[[package]]
name = "curl-sys"
version = "0.1.0"
source = "git+https://github.com/carllerche/curl-rust#99eda61d5a6a0b34c1b9e65e70d3d51fbe404222"
dependencies = [
 "libz-sys 0.1.0 (git+https://github.com/alexcrichton/libz-sys)",
 "openssl-sys 0.2.3 (git+https://github.com/sfackler/rust-openssl)",
 "pkg-config 0.1.1 (git+https://github.com/alexcrichton/pkg-config-rs)",
]

[[package]]
name = "flate2"
version = "0.1.0"
source = "git+https://github.com/alexcrichton/flate2-rs#c8ecf7a411bc6d43bf885f487c01e536490f2aea"
dependencies = [
 "miniz-sys 0.1.0 (git+https://github.com/alexcrichton/flate2-rs)",
]

[[package]]
name = "gcc"
version = "0.1.1"
source = "git+https://github.com/alexcrichton/gcc-rs#d35c34c871dd75f97fadf04cb0ed85d997a9bc0c"

[[package]]
name = "gcc"
version = "0.1.1"
source = "registry+https://github.com/rust-lang/crates.io-index"

[[package]]
name = "git2"
version = "0.0.1"
source = "git+https://github.com/alexcrichton/git2-rs#fda0c5dbcc5ab59cc6b6fe5049be7a4d0b2a4ed7"
dependencies = [
 "libgit2-sys 0.0.1 (git+https://github.com/alexcrichton/git2-rs)",
 "time 0.1.1 (git+https://github.com/rust-lang/time)",
 "url 0.2.3 (git+https://github.com/servo/rust-url)",
]

[[package]]
name = "html"
version = "0.0.1"
dependencies = [
 "url 0.2.3 (git+https://github.com/servo/rust-url)",
]

[[package]]
name = "libgit2-sys"
version = "0.0.1"
source = "git+https://github.com/alexcrichton/git2-rs#fda0c5dbcc5ab59cc6b6fe5049be7a4d0b2a4ed7"
dependencies = [
 "libssh2-sys 0.0.1 (git+https://github.com/alexcrichton/ssh2-rs)",
 "openssl-sys 0.2.3 (git+https://github.com/sfackler/rust-openssl)",
 "pkg-config 0.1.1 (git+https://github.com/alexcrichton/pkg-config-rs)",
]

[[package]]
name = "libressl-pnacl-sys"
version = "2.1.0"
source = "registry+https://github.com/rust-lang/crates.io-index"
dependencies = [
 "pnacl-build-helper 1.0.0 (registry+https://github.com/rust-lang/crates.io-index)",
]

[[package]]
name = "libssh2-sys"
version = "0.0.1"
source = "git+https://github.com/alexcrichton/ssh2-rs#5319ce3a7dc4d417af9d94b8671c41ad43018b10"
dependencies = [
 "libz-sys 0.1.0 (git+https://github.com/alexcrichton/libz-sys)",
 "openssl-sys 0.2.3 (git+https://github.com/sfackler/rust-openssl)",
 "pkg-config 0.1.1 (git+https://github.com/alexcrichton/pkg-config-rs)",
]

[[package]]
name = "libz-sys"
version = "0.1.0"
source = "git+https://github.com/alexcrichton/libz-sys#6c19f1309966ce5959ec0472a4730f457136f687"
dependencies = [
 "pkg-config 0.1.1 (git+https://github.com/alexcrichton/pkg-config-rs)",
]

[[package]]
name = "migrate"
version = "0.1.0"
dependencies = [
 "postgres 0.2.0 (git+https://github.com/alexcrichton/rust-postgres?ref=git-deps)",
]

[[package]]
name = "mime-types"
version = "0.5.0"
source = "git+https://github.com/conduit-rust/mime-types.git#f8d000da584b044d096782d774f3f3be4d189803"

[[package]]
name = "miniz-sys"
version = "0.1.0"
source = "git+https://github.com/alexcrichton/flate2-rs#c8ecf7a411bc6d43bf885f487c01e536490f2aea"
dependencies = [
 "gcc 0.1.1 (registry+https://github.com/rust-lang/crates.io-index)",
]

[[package]]
name = "oauth2"
version = "0.0.1"
source = "git+https://github.com/alexcrichton/oauth2-rs#9ca2a489d1c7f0e4e438b501381cf367120d9c8a"
dependencies = [
 "curl 0.1.0 (git+https://github.com/carllerche/curl-rust)",
 "url 0.2.3 (git+https://github.com/servo/rust-url)",
]

[[package]]
name = "openssl"
version = "0.2.3"
source = "git+https://github.com/sfackler/rust-openssl#9754b8e47db5faff2930ed070527d2d71e76e094"
dependencies = [
 "openssl-sys 0.2.3 (git+https://github.com/sfackler/rust-openssl)",
]

[[package]]
name = "openssl-sys"
version = "0.2.3"
source = "git+https://github.com/sfackler/rust-openssl#9754b8e47db5faff2930ed070527d2d71e76e094"
dependencies = [
 "libressl-pnacl-sys 2.1.0 (registry+https://github.com/rust-lang/crates.io-index)",
 "pkg-config 0.1.1 (registry+https://github.com/rust-lang/crates.io-index)",
]

[[package]]
name = "phf"
version = "0.2.0"
source = "git+https://github.com/sfackler/rust-phf#fc4829a292663e4e30a23a4ba1de693d154cd611"
dependencies = [
 "phf_shared 0.2.0 (git+https://github.com/sfackler/rust-phf)",
]

[[package]]
name = "phf_mac"
version = "0.2.0"
source = "git+https://github.com/sfackler/rust-phf#fc4829a292663e4e30a23a4ba1de693d154cd611"
dependencies = [
 "phf_shared 0.2.0 (git+https://github.com/sfackler/rust-phf)",
 "time 0.1.1 (registry+https://github.com/rust-lang/crates.io-index)",
]

[[package]]
name = "phf_shared"
version = "0.2.0"
source = "git+https://github.com/sfackler/rust-phf#fc4829a292663e4e30a23a4ba1de693d154cd611"
dependencies = [
 "xxhash 0.0.2 (registry+https://github.com/rust-lang/crates.io-index)",
]

[[package]]
name = "pkg-config"
version = "0.1.1"
source = "git+https://github.com/alexcrichton/pkg-config-rs#9a57960fa5c3480e8daa318772f3b0d1c76b572c"

[[package]]
name = "pkg-config"
version = "0.1.1"
source = "registry+https://github.com/rust-lang/crates.io-index"

[[package]]
name = "pnacl-build-helper"
version = "1.0.0"
source = "registry+https://github.com/rust-lang/crates.io-index"

[[package]]
name = "postgres"
version = "0.2.0"
source = "git+https://github.com/alexcrichton/rust-postgres?ref=git-deps#f3092e4cfa7dac4572cd9b7a2657064ebbec8250"
dependencies = [
 "openssl 0.2.3 (git+https://github.com/sfackler/rust-openssl)",
 "phf 0.2.0 (git+https://github.com/sfackler/rust-phf)",
 "phf_mac 0.2.0 (git+https://github.com/sfackler/rust-phf)",
 "time 0.1.1 (git+https://github.com/rust-lang/time)",
 "uuid 0.1.1 (git+https://github.com/rust-lang/uuid)",
]

[[package]]
name = "r2d2"
version = "0.1.2"
source = "registry+https://github.com/rust-lang/crates.io-index"

[[package]]
name = "r2d2_postgres"
version = "0.1.0"
source = "git+https://github.com/alexcrichton/r2d2-postgres?ref=git-deps#a175a339b179e04a93cb9749fe34a3d3fc91b3ed"
dependencies = [
 "postgres 0.2.0 (git+https://github.com/alexcrichton/rust-postgres?ref=git-deps)",
 "r2d2 0.1.2 (registry+https://github.com/rust-lang/crates.io-index)",
]

[[package]]
name = "route-recognizer"
version = "0.1.1"
source = "git+https://github.com/conduit-rust/route-recognizer.rs.git#6beb76ef8af72db9b56672cee4dc74f3509df1ae"

[[package]]
name = "s3"
version = "0.0.1"
dependencies = [
 "curl 0.1.0 (git+https://github.com/carllerche/curl-rust)",
 "openssl 0.2.3 (git+https://github.com/sfackler/rust-openssl)",
 "time 0.1.1 (git+https://github.com/rust-lang/time)",
]

[[package]]
name = "semver"
version = "0.1.3"
source = "git+https://github.com/rust-lang/semver#c09b5bdf6b2fcaa719da588a7da98b1145264f56"

[[package]]
name = "time"
version = "0.1.1"
source = "git+https://github.com/rust-lang/time#288b362e0d3cd9e36a4654c9520e021587f707d1"
dependencies = [
 "gcc 0.1.1 (git+https://github.com/alexcrichton/gcc-rs)",
]

[[package]]
name = "time"
version = "0.1.1"
source = "registry+https://github.com/rust-lang/crates.io-index"
dependencies = [
 "gcc 0.1.1 (registry+https://github.com/rust-lang/crates.io-index)",
]

[[package]]
name = "url"
version = "0.2.3"
source = "git+https://github.com/servo/rust-url#1c738d2640731f6da58b85bb5a04883b81835b66"

[[package]]
name = "uuid"
version = "0.1.1"
source = "git+https://github.com/rust-lang/uuid#df1870b56cf22366367f4767769498a301045fdb"

[[package]]
name = "xxhash"
version = "0.0.2"
source = "registry+https://github.com/rust-lang/crates.io-index"

